
Microsoft Visual Studio Solution File, Format Version 12.00
# Visual Studio Version 16
VisualStudioVersion = 16.0.32413.511
MinimumVisualStudioVersion = 10.0.40219.1
Project("{FAE04EC0-301F-11D3-BF4B-00C04F79EFBC}") = "u21528498_HW4", "u21528498_HW4.csproj", "{AEEBBEB0-097E-4EF6-8B92-2CB388CB5835}"
EndProject
Global
	GlobalSection(SolutionConfigurationPlatforms) = preSolution
		Debug|Any CPU = Debug|Any CPU
		Release|Any CPU = Release|Any CPU
	EndGlobalSection
	GlobalSection(ProjectConfigurationPlatforms) = postSolution
		{AEEBBEB0-097E-4EF6-8B92-2CB388CB5835}.Debug|Any CPU.ActiveCfg = Debug|Any CPU
		{AEEBBEB0-097E-4EF6-8B92-2CB388CB5835}.Debug|Any CPU.Build.0 = Debug|Any CPU
		{AEEBBEB0-097E-4EF6-8B92-2CB388CB5835}.Release|Any CPU.ActiveCfg = Release|Any CPU
		{AEEBBEB0-097E-4EF6-8B92-2CB388CB5835}.Release|Any CPU.Build.0 = Release|Any CPU
	EndGlobalSection
	GlobalSection(SolutionProperties) = preSolution
		HideSolutionNode = FALSE
	EndGlobalSection
	GlobalSection(ExtensibilityGlobals) = postSolution
		SolutionGuid = {C5047D3D-E562-44A6-809E-C95FFBC69789}
	EndGlobalSection
EndGlobal
